deedles.dev/tray v0.1.9 h1:xPYh0tOpYkSQN2Pjt9t72qtMEPgOEi9jmjUZ5ZR0yhw=
deedles.dev/tray v0.1.9/go.mod h1:wrE0uW5sZ43keZFD1VcP6fvc/K9v0DTdydUtmtuzHlw=
github.com/godbus/dbus/v5 v5.1.0 h1:4KLkAxT3aOY8Li4FRJe/KvhoNFFxo0m6fNuFUO8QJUk=
github.com/godbus/dbus/v5 v5.1.0/go.mod h1:xhWf0FNVPg57R7Z0UbKHbJfkEywrmjJnf7w5xrFpKfA=
github.com/jfreymuth/pulse v0.1.1 h1:9WLNBNCijmtZ14ZJpatgJPu/NjwAl3TIKItSFnTh+9A=
github.com/jfreymuth/pulse v0.1.1/go.mod h1:cpYspI6YljhkUf1WLXLLDmeaaPFc3CnGLjDZf9dZ4no=
